
Microsoft Visual Studio Solution File, Format Version 12.00
# Visual Studio Version 17
VisualStudioVersion = 17.13.35919.96
MinimumVisualStudioVersion = 10.0.40219.1
Project("{FAE04EC0-301F-11D3-BF4B-00C04F79EFBC}") = "Tubes_Kelompok_BisaYukk_Final", "Tubes_Kelompok_BisaYukk_Final\Tubes_Kelompok_BisaYukk_Final.csproj", "{9855E1E7-8DDF-4DE4-9A56-CE5467494BAB}"
EndProject
Project("{FAE04EC0-301F-11D3-BF4B-00C04F79EFBC}") = "Tubes_Kelompok_BisaYukk.Tests", "Tubes_Kelompok_BisaYukk.Tests\Tubes_Kelompok_BisaYukk.Tests.csproj", "{9E5A33BF-A74D-4FC2-B45D-3DC93AF6D8C0}"
EndProject
Project("{FAE04EC0-301F-11D3-BF4B-00C04F79EFBC}") = "Tubes_Kelompok_BisaYukk_Benchmark", "Tubes_Kelompok_BisaYukk_Benchmark\Tubes_Kelompok_BisaYukk_Benchmark.csproj", "{1E74B2EE-0502-479C-AF90-8D7210944690}"
EndProject
Global
	GlobalSection(SolutionConfigurationPlatforms) = preSolution
		Debug|Any CPU = Debug|Any CPU
		Release|Any CPU = Release|Any CPU
	EndGlobalSection
	GlobalSection(ProjectConfigurationPlatforms) = postSolution
		{9855E1E7-8DDF-4DE4-9A56-CE5467494BAB}.Debug|Any CPU.ActiveCfg = Debug|Any CPU
		{9855E1E7-8DDF-4DE4-9A56-CE5467494BAB}.Debug|Any CPU.Build.0 = Debug|Any CPU
		{9855E1E7-8DDF-4DE4-9A56-CE5467494BAB}.Release|Any CPU.ActiveCfg = Release|Any CPU
		{9855E1E7-8DDF-4DE4-9A56-CE5467494BAB}.Release|Any CPU.Build.0 = Release|Any CPU
		{9E5A33BF-A74D-4FC2-B45D-3DC93AF6D8C0}.Debug|Any CPU.ActiveCfg = Debug|Any CPU
		{9E5A33BF-A74D-4FC2-B45D-3DC93AF6D8C0}.Debug|Any CPU.Build.0 = Debug|Any CPU
		{9E5A33BF-A74D-4FC2-B45D-3DC93AF6D8C0}.Release|Any CPU.ActiveCfg = Release|Any CPU
		{9E5A33BF-A74D-4FC2-B45D-3DC93AF6D8C0}.Release|Any CPU.Build.0 = Release|Any CPU
		{1E74B2EE-0502-479C-AF90-8D7210944690}.Debug|Any CPU.ActiveCfg = Debug|Any CPU
		{1E74B2EE-0502-479C-AF90-8D7210944690}.Debug|Any CPU.Build.0 = Debug|Any CPU
		{1E74B2EE-0502-479C-AF90-8D7210944690}.Release|Any CPU.ActiveCfg = Release|Any CPU
		{1E74B2EE-0502-479C-AF90-8D7210944690}.Release|Any CPU.Build.0 = Release|Any CPU
	EndGlobalSection
	GlobalSection(SolutionProperties) = preSolution
		HideSolutionNode = FALSE
	EndGlobalSection
	GlobalSection(ExtensibilityGlobals) = postSolution
		SolutionGuid = {B1CF87E8-A352-46CE-AACA-288EA8AF8409}
	EndGlobalSection
EndGlobal
